{
    "_meta": {
        "hash": {
            "sha256": "4698895079efc3a7a2cfea719644e91f44f238d2a938cc2c587ab8f7e35c319d"
        },
        "pipfile-spec": 1,
        "requires": {},
        "sources": [
            {
                "url": "https://pypi.python.org/simple",
                "verify_ssl": true
            }
        ]
    },
    "default": {
        "alabaster": {
            "version": "==0.7.10"
        },
        "argh": {
            "version": "==0.26.2"
        },
        "babel": {
            "version": "==2.5.0"
        },
        "certifi": {
            "version": "==2017.7.27.1"
        },
        "chardet": {
            "version": "==3.0.4"
        },
        "colorama": {
            "version": "==0.3.9"
        },
        "docutils": {
            "version": "==0.14"
        },
        "hovercraft": {
            "version": "==2.4"
        },
        "idna": {
            "version": "==2.6"
        },
        "imagesize": {
            "version": "==0.7.1"
        },
        "jinja2": {
            "version": "==2.9.6"
        },
        "lxml": {
            "version": "==3.8.0"
        },
        "markupsafe": {
            "version": "==1.0"
        },
        "pathtools": {
            "version": "==0.1.2"
        },
        "pygments": {
            "version": "==2.2.0"
        },
        "pytz": {
            "version": "==2017.2"
        },
        "pyyaml": {
            "version": "==3.12"
        },
        "requests": {
            "version": "==2.18.4"
        },
        "six": {
            "version": "==1.10.0"
        },
        "snowballstemmer": {
            "version": "==1.2.1"
        },
        "sphinx": {
            "version": "==1.6.3"
        },
        "sphinx-rtd-theme": {
            "version": "==0.2.4"
        },
        "sphinxcontrib-websupport": {
            "version": "==1.0.1"
        },
        "svg.path": {
            "version": "==2.2"
        },
        "urllib3": {
            "version": "==1.22"
        },
        "watchdog": {
            "version": "==0.8.3"
        }
    },
    "develop": {}
}
