{
    "_meta": {
        "hash": {
            "sha256": "fc633e8dcbd9e9637f85131036ff83265f5b01e8316baeefbacfcbfdee7a36dc"
        },
        "host-environment-markers": {
            "implementation_name": "cpython",
            "implementation_version": "3.6.1",
            "os_name": "nt",
            "platform_machine": "AMD64",
            "platform_python_implementation": "CPython",
            "platform_release": "10",
            "platform_system": "Windows",
            "platform_version": "10.0.15063",
            "python_full_version": "3.6.1",
            "python_version": "3.6",
            "sys_platform": "win32"
        },
        "pipfile-spec": 3,
        "requires": {},
        "sources": [
            {
                "url": "https://pypi.python.org/simple",
                "verify_ssl": true
            }
        ]
    },
    "default": {
        "argh": {
            "hashes": [
                "sha256:a9b3aaa1904eeb78e32394cd46c6f37ac0fb4af6dc488daa58971bdc7d7fcaf3",
                "sha256:e9535b8c84dc9571a48999094fda7f33e63c3f1b74f3e5f3ac0105a58405bb65"
            ],
            "version": "==0.26.2"
        },
        "docutils": {
            "hashes": [
                "sha256:7a4bd47eaf6596e1295ecb11361139febe29b084a87bf005bf899f9a42edc3c6",
                "sha256:02aec4bd92ab067f6ff27a38a38a41173bf01bed8f89157768c1573f53e474a6",
                "sha256:51e64ef2ebfb29cae1faa133b3710143496eca21c530f3f71424d77687764274"
            ],
            "version": "==0.14"
        },
        "hovercraft": {
            "hashes": [
                "sha256:f5ce6a2bef2767d6d1d53182593f80fb2fac6446fd55a35a476b1301247e7f2f"
            ],
            "version": "==2.4"
        },
        "lxml": {
            "hashes": [
                "sha256:3593f49858fc6229cd93326be06b099ae477fd65d8f4a981320a6d0bb7fc7a5a",
                "sha256:8996df6b0f205b00b89bbd04d88f1fa1e04139a025fd291aa4ddd05dc86836f4",
                "sha256:9f399c37b8e61c3989ef12ecf0abd9c10a5075f0fc9ad1ecd67ce6f9c72a7211",
                "sha256:550a51dee73c14e5863bdbbbe5836b2b8092a3f92631b5a908b9c41e72f123a5",
                "sha256:e37eda3d05519918403084b43eb7324df21a0daf45c8ae8172a860710dd0fa78",
                "sha256:48ab0e79175fd16f9478edc679ee14c79524c64b26f665f92cbecff81312d04d",
                "sha256:52e18dd86f153c4383bb4c4ef62f81f9b7e44809d068848a5a183b2285496faf",
                "sha256:0b8f3d6e669ea26849a6184f04c7802dbef6fd418a8b90e6c026e237db07af31",
                "sha256:567b76f291a8d02aa8b4d3f8295ae749ac4d532570d8a8c7176f0556c7d95891",
                "sha256:61825daaf2d80dc3da7635ee108720b0739962db008343822753bbf343cbfd14",
                "sha256:b7f6ef610680709be11cb7662e46e254bc561dafe0de3b4848be2cf3924bd300",
                "sha256:824664493a012f5b70396e841a4b4049bdaf445a70307e60f82fe35619f72cc7",
                "sha256:e908d685800626f10cd6ae01a013fc42094be167fb2a683eb920dfddfaa0ee76",
                "sha256:10c86b2248043f4428be33ed10202764b02b281eaa4550f16f0fbbc6ccaae9ac",
                "sha256:d9ec728caddb161405e7c33ed9d176e96309893481370163bbf4b00e43008795",
                "sha256:b2ecb3fd5470b740dfc21b064bbc1337be4b7b805994a868488145d36f35f517",
                "sha256:a211288459c9115ddb255ff88e8ac12dc2063e70bddc15e3c65136477a358bb5",
                "sha256:1f81074e77c25f9b787fa3854f400ca924d3d798cb7ae910c0e7920be7138c90",
                "sha256:99b7eabfb46663ed5918eca4ed12420613ba24196964a741ccd962d09296c0b2",
                "sha256:a8ad0adeedbbb7b85916214fcd4f5d02829d0e7b3c32abc298789218b6c3d699",
                "sha256:88d137e440b5de35df2e0616da8e28a88d0119abdaa84520ad1ba815ee9da732",
                "sha256:c4e02657e629f02ab8712471d77d6896c2cf6f09f8ffa6a0f23b1b1ef0318474",
                "sha256:9581b438e5d0d0a6fa3937fac2abffd95380bd513bcd39f6952bfcf20cf0b9a7",
                "sha256:c446fde3284c363cd2085ad1ce5a07c18f15f6766d72684622bc14b0a9ddfd29",
                "sha256:d4507916c408feec2ea8cee3f0d1380e49ea431f6e07b0dd927388bd6e92d6eb",
                "sha256:7030f44b758e930fd09ade87d770f5a231a19a8c561a3acc54e5122b5ec09e29",
                "sha256:d78c0a114cf127a41a526aef99aef539c0b2537e57f04a2cc7a49e2c94a44ab8",
                "sha256:f7bc9f702500e205b1560d620f14015fec76dcd6f9e889a946a2ddcc3c344fd0"
            ],
            "version": "==4.0.0"
        },
        "pathtools": {
            "hashes": [
                "sha256:7c35c5421a39bb82e58018febd90e3b6e5db34c5443aaaf742b3f33d4655f1c0"
            ],
            "version": "==0.1.2"
        },
        "pygments": {
            "hashes": [
                "sha256:78f3f434bcc5d6ee09020f92ba487f95ba50f1e3ef83ae96b9d5ffa1bab25c5d",
                "sha256:dbae1046def0efb574852fab9e90209b23f556367b5a320c0bcb871c77c3e8cc"
            ],
            "version": "==2.2.0"
        },
        "pyyaml": {
            "hashes": [
                "sha256:3262c96a1ca437e7e4763e2843746588a965426550f3797a79fca9c6199c431f",
                "sha256:16b20e970597e051997d90dc2cddc713a2876c47e3d92d59ee198700c5427736",
                "sha256:e863072cdf4c72eebf179342c94e6989c67185842d9997960b3e69290b2fa269",
                "sha256:bc6bced57f826ca7cb5125a10b23fd0f2fff3b7c4701d64c439a300ce665fff8",
                "sha256:c01b880ec30b5a6e6aa67b09a2fe3fb30473008c85cd6a67359a1b15ed6d83a4",
                "sha256:827dc04b8fa7d07c44de11fabbc888e627fa8293b695e0f99cb544fdfa1bf0d1",
                "sha256:592766c6303207a20efc445587778322d7f73b161bd994f227adaa341ba212ab",
                "sha256:5f84523c076ad14ff5e6c037fe1c89a7f73a3e04cf0377cb4d017014976433f3",
                "sha256:0c507b7f74b3d2dd4d1322ec8a94794927305ab4cebbe89cc47fe5e81541e6e8",
                "sha256:b4c423ab23291d3945ac61346feeb9a0dc4184999ede5e7c43e1ffb975130ae6",
                "sha256:ca233c64c6e40eaa6c66ef97058cdc80e8d0157a443655baa1b2966e812807ca",
                "sha256:4474f8ea030b5127225b8894d626bb66c01cda098d47a2b0d3429b6700af9fd8",
                "sha256:326420cbb492172dec84b0f65c80942de6cedb5233c413dd824483989c000608",
                "sha256:5ac82e411044fb129bae5cfbeb3ba626acb2af31a8d17d175004b70862a741a7"
            ],
            "version": "==3.12"
        },
        "svg.path": {
            "hashes": [
                "sha256:bc7b75606e76f910bf0045d09a5f8415aaafff3cedd0a3ce9f0d474fe2007722"
            ],
            "version": "==2.2"
        },
        "watchdog": {
            "hashes": [
                "sha256:7e65882adb7746039b6f3876ee174952f8eaaa34491ba34333ddf1fe35de4162"
            ],
            "version": "==0.8.3"
        }
    },
    "develop": {}
}
